// !$*UTF8*$!
{
	archiveVersion = 1;
	classes = {
	};
	objectVersion = 46;
	objects = {

/* Begin PBXBuildFile section */
		8DCD662C1C49BF2B00590959 /* AppDelegate.swift in Sources */ = {isa = PBXBuildFile; fileRef = 8DCD662B1C49BF2B00590959 /* AppDelegate.swift */; };
		8DCD662E1C49BF2B00590959 /* ViewController.swift in Sources */ = {isa = PBXBuildFile; fileRef = 8DCD662D1C49BF2B00590959 /* ViewController.swift */; };
		8DCD66311C49BF2B00590959 /* Main.storyboard in Resources */ = {isa = PBXBuildFile; fileRef = 8DCD662F1C49BF2B00590959 /* Main.storyboard */; };
		8DCD66331C49BF2B00590959 /* Assets.xcassets in Resources */ = {isa = PBXBuildFile; fileRef = 8DCD66321C49BF2B00590959 /* Assets.xcassets */; };
		8DCD66361C49BF2B00590959 /* LaunchScreen.storyboard in Resources */ = {isa = PBXBuildFile; fileRef = 8DCD66341C49BF2B00590959 /* LaunchScreen.storyboard */; };
		8DCD664F1C49BF8400590959 /* button 0.png in Resources */ = {isa = PBXBuildFile; fileRef = 8DCD663D1C49BF8400590959 /* button 0.png */; };
		8DCD66501C49BF8400590959 /* button 1.png in Resources */ = {isa = PBXBuildFile; fileRef = 8DCD663E1C49BF8400590959 /* button 1.png */; };
		8DCD66511C49BF8400590959 /* button 2.png in Resources */ = {isa = PBXBuildFile; fileRef = 8DCD663F1C49BF8400590959 /* button 2.png */; };
		8DCD66521C49BF8400590959 /* button 3.png in Resources */ = {isa = PBXBuildFile; fileRef = 8DCD66401C49BF8400590959 /* button 3.png */; };
		8DCD66531C49BF8400590959 /* button 4.png in Resources */ = {isa = PBXBuildFile; fileRef = 8DCD66411C49BF8400590959 /* button 4.png */; };
		8DCD66541C49BF8400590959 /* button 5.png in Resources */ = {isa = PBXBuildFile; fileRef = 8DCD66421C49BF8400590959 /* button 5.png */; };
		8DCD66551C49BF8400590959 /* button 6.png in Resources */ = {isa = PBXBuildFile; fileRef = 8DCD66431C49BF8400590959 /* button 6.png */; };
		8DCD66561C49BF8400590959 /* button 7.png in Resources */ = {isa = PBXBuildFile; fileRef = 8DCD66441C49BF8400590959 /* button 7.png */; };
		8DCD66571C49BF8400590959 /* button 8.png in Resources */ = {isa = PBXBuildFile; fileRef = 8DCD66451C49BF8400590959 /* button 8.png */; };
		8DCD66581C49BF8400590959 /* button 9.png in Resources */ = {isa = PBXBuildFile; fileRef = 8DCD66461C49BF8400590959 /* button 9.png */; };
		8DCD66591C49BF8400590959 /* button AC.png in Resources */ = {isa = PBXBuildFile; fileRef = 8DCD66471C49BF8400590959 /* button AC.png */; };
		8DCD665A1C49BF8400590959 /* button decimal.png in Resources */ = {isa = PBXBuildFile; fileRef = 8DCD66481C49BF8400590959 /* button decimal.png */; };
		8DCD665B1C49BF8400590959 /* button divide.png in Resources */ = {isa = PBXBuildFile; fileRef = 8DCD66491C49BF8400590959 /* button divide.png */; };
		8DCD665C1C49BF8400590959 /* button enter.png in Resources */ = {isa = PBXBuildFile; fileRef = 8DCD664A1C49BF8400590959 /* button enter.png */; };
		8DCD665D1C49BF8400590959 /* button minus.png in Resources */ = {isa = PBXBuildFile; fileRef = 8DCD664B1C49BF8400590959 /* button minus.png */; };
		8DCD665E1C49BF8400590959 /* button mutiply.png in Resources */ = {isa = PBXBuildFile; fileRef = 8DCD664C1C49BF8400590959 /* button mutiply.png */; };
		8DCD665F1C49BF8400590959 /* button plus_minus.png in Resources */ = {isa = PBXBuildFile; fileRef = 8DCD664D1C49BF8400590959 /* button plus_minus.png */; };
		8DCD66601C49BF8400590959 /* button plus.png in Resources */ = {isa = PBXBuildFile; fileRef = 8DCD664E1C49BF8400590959 /* button plus.png */; };
		8DCD66621C49BF9600590959 /* display.png in Resources */ = {isa = PBXBuildFile; fileRef = 8DCD66611C49BF9600590959 /* display.png */; };
		8DCD66651C49EED600590959 /* digital-7 (mono).ttf in Resources */ = {isa = PBXBuildFile; fileRef = 8DCD66641C49EED600590959 /* digital-7 (mono).ttf */; };
		8DCD66671C49F70600590959 /* button Swap.png in Resources */ = {isa = PBXBuildFile; fileRef = 8DCD66661C49F70600590959 /* button Swap.png */; };
/* End PBXBuildFile section */

/* Begin PBXFileReference section */
		8DCD66281C49BF2A00590959 /* RPN Calculator.app */ = {isa = PBXFileReference; explicitFileType = wrapper.application; includeInIndex = 0; path = "RPN Calculator.app"; sourceTree = BUILT_PRODUCTS_DIR; };
		8DCD662B1C49BF2B00590959 /* AppDelegate.swift */ = {isa = PBXFileReference; lastKnownFileType = sourcecode.swift; path = AppDelegate.swift; sourceTree = "<group>"; };
		8DCD662D1C49BF2B00590959 /* ViewController.swift */ = {isa = PBXFileReference; lastKnownFileType = sourcecode.swift; path = ViewController.swift; sourceTree = "<group>"; };
		8DCD66301C49BF2B00590959 /* Base */ = {isa = PBXFileReference; lastKnownFileType = file.storyboard; name = Base; path = Base.lproj/Main.storyboard; sourceTree = "<group>"; };
		8DCD66321C49BF2B00590959 /* Assets.xcassets */ = {isa = PBXFileReference; lastKnownFileType = folder.assetcatalog; path = Assets.xcassets; sourceTree = "<group>"; };
		8DCD66351C49BF2B00590959 /* Base */ = {isa = PBXFileReference; lastKnownFileType = file.storyboard; name = Base; path = Base.lproj/LaunchScreen.storyboard; sourceTree = "<group>"; };
		8DCD66371C49BF2B00590959 /* Info.plist */ = {isa = PBXFileReference; lastKnownFileType = text.plist.xml; path = Info.plist; sourceTree = "<group>"; };
		8DCD663D1C49BF8400590959 /* button 0.png */ = {isa = PBXFileReference; lastKnownFileType = image.png; path = "button 0.png"; sourceTree = "<group>"; };
		8DCD663E1C49BF8400590959 /* button 1.png */ = {isa = PBXFileReference; lastKnownFileType = image.png; path = "button 1.png"; sourceTree = "<group>"; };
		8DCD663F1C49BF8400590959 /* button 2.png */ = {isa = PBXFileReference; lastKnownFileType = image.png; path = "button 2.png"; sourceTree = "<group>"; };
		8DCD66401C49BF8400590959 /* button 3.png */ = {isa = PBXFileReference; lastKnownFileType = image.png; path = "button 3.png"; sourceTree = "<group>"; };
		8DCD66411C49BF8400590959 /* button 4.png */ = {isa = PBXFileReference; lastKnownFileType = image.png; path = "button 4.png"; sourceTree = "<group>"; };
		8DCD66421C49BF8400590959 /* button 5.png */ = {isa = PBXFileReference; lastKnownFileType = image.png; path = "button 5.png"; sourceTree = "<group>"; };
		8DCD66431C49BF8400590959 /* button 6.png */ = {isa = PBXFileReference; lastKnownFileType = image.png; path = "button 6.png"; sourceTree = "<group>"; };
		8DCD66441C49BF8400590959 /* button 7.png */ = {isa = PBXFileReference; lastKnownFileType = image.png; path = "button 7.png"; sourceTree = "<group>"; };
		8DCD66451C49BF8400590959 /* button 8.png */ = {isa = PBXFileReference; lastKnownFileType = image.png; path = "button 8.png"; sourceTree = "<group>"; };
		8DCD66461C49BF8400590959 /* button 9.png */ = {isa = PBXFileReference; lastKnownFileType = image.png; path = "button 9.png"; sourceTree = "<group>"; };
		8DCD66471C49BF8400590959 /* button AC.png */ = {isa = PBXFileReference; lastKnownFileType = image.png; path = "button AC.png"; sourceTree = "<group>"; };
		8DCD66481C49BF8400590959 /* button decimal.png */ = {isa = PBXFileReference; lastKnownFileType = image.png; path = "button decimal.png"; sourceTree = "<group>"; };
		8DCD66491C49BF8400590959 /* button divide.png */ = {isa = PBXFileReference; lastKnownFileType = image.png; path = "button divide.png"; sourceTree = "<group>"; };
		8DCD664A1C49BF8400590959 /* button enter.png */ = {isa = PBXFileReference; lastKnownFileType = image.png; path = "button enter.png"; sourceTree = "<group>"; };
		8DCD664B1C49BF8400590959 /* button minus.png */ = {isa = PBXFileReference; lastKnownFileType = image.png; path = "button minus.png"; sourceTree = "<group>"; };
		8DCD664C1C49BF8400590959 /* button mutiply.png */ = {isa = PBXFileReference; lastKnownFileType = image.png; path = "button mutiply.png"; sourceTree = "<group>"; };
		8DCD664D1C49BF8400590959 /* button plus_minus.png */ = {isa = PBXFileReference; lastKnownFileType = image.png; path = "button plus_minus.png"; sourceTree = "<group>"; };
		8DCD664E1C49BF8400590959 /* button plus.png */ = {isa = PBXFileReference; lastKnownFileType = image.png; path = "button plus.png"; sourceTree = "<group>"; };
		8DCD66611C49BF9600590959 /* display.png */ = {isa = PBXFileReference; lastKnownFileType = image.png; path = display.png; sourceTree = "<group>"; };
		8DCD66641C49EED600590959 /* digital-7 (mono).ttf */ = {isa = PBXFileReference; lastKnownFileType = file; path = "digital-7 (mono).ttf"; sourceTree = "<group>"; };
		8DCD66661C49F70600590959 /* button Swap.png */ = {isa = PBXFileReference; lastKnownFileType = image.png; path = "button Swap.png"; sourceTree = "<group>"; };
/* End PBXFileReference section */

/* Begin PBXFrameworksBuildPhase section */
		8DCD66251C49BF2A00590959 /* Frameworks */ = {
			isa = PBXFrameworksBuildPhase;
			buildActionMask = 2147483647;
			files = (
			);
			runOnlyForDeploymentPostprocessing = 0;
		};
/* End PBXFrameworksBuildPhase section */

/* Begin PBXGroup section */
		8DCD661F1C49BF2A00590959 = {
			isa = PBXGroup;
			children = (
				8DCD662A1C49BF2A00590959 /* RPN Calculator */,
				8DCD66291C49BF2A00590959 /* Products */,
				8DCD66641C49EED600590959 /* digital-7 (mono).ttf */,
				8DCD66631C49BFA100590959 /* Images */,
			);
			sourceTree = "<group>";
		};
		8DCD66291C49BF2A00590959 /* Products */ = {
			isa = PBXGroup;
			children = (
				8DCD66281C49BF2A00590959 /* RPN Calculator.app */,
			);
			name = Products;
			sourceTree = "<group>";
		};
		8DCD662A1C49BF2A00590959 /* RPN Calculator */ = {
			isa = PBXGroup;
			children = (
				8DCD662B1C49BF2B00590959 /* AppDelegate.swift */,
				8DCD662D1C49BF2B00590959 /* ViewController.swift */,
				8DCD662F1C49BF2B00590959 /* Main.storyboard */,
				8DCD66321C49BF2B00590959 /* Assets.xcassets */,
				8DCD66341C49BF2B00590959 /* LaunchScreen.storyboard */,
				8DCD66371C49BF2B00590959 /* Info.plist */,
			);
			path = "RPN Calculator";
			sourceTree = "<group>";
		};
		8DCD66631C49BFA100590959 /* Images */ = {
			isa = PBXGroup;
			children = (
				8DCD66661C49F70600590959 /* button Swap.png */,
				8DCD663D1C49BF8400590959 /* button 0.png */,
				8DCD663E1C49BF8400590959 /* button 1.png */,
				8DCD663F1C49BF8400590959 /* button 2.png */,
				8DCD66401C49BF8400590959 /* button 3.png */,
				8DCD66411C49BF8400590959 /* button 4.png */,
				8DCD66421C49BF8400590959 /* button 5.png */,
				8DCD66431C49BF8400590959 /* button 6.png */,
				8DCD66441C49BF8400590959 /* button 7.png */,
				8DCD66451C49BF8400590959 /* button 8.png */,
				8DCD66461C49BF8400590959 /* button 9.png */,
				8DCD66471C49BF8400590959 /* button AC.png */,
				8DCD66481C49BF8400590959 /* button decimal.png */,
				8DCD66491C49BF8400590959 /* button divide.png */,
				8DCD664A1C49BF8400590959 /* button enter.png */,
				8DCD664B1C49BF8400590959 /* button minus.png */,
				8DCD664C1C49BF8400590959 /* button mutiply.png */,
				8DCD664D1C49BF8400590959 /* button plus_minus.png */,
				8DCD664E1C49BF8400590959 /* button plus.png */,
				8DCD66611C49BF9600590959 /* display.png */,
			);
			name = Images;
			sourceTree = "<group>";
		};
/* End PBXGroup section */

/* Begin PBXNativeTarget section */
		8DCD66271C49BF2A00590959 /* RPN Calculator */ = {
			isa = PBXNativeTarget;
			buildConfigurationList = 8DCD663A1C49BF2B00590959 /* Build configuration list for PBXNativeTarget "RPN Calculator" */;
			buildPhases = (
				8DCD66241C49BF2A00590959 /* Sources */,
				8DCD66251C49BF2A00590959 /* Frameworks */,
				8DCD66261C49BF2A00590959 /* Resources */,
			);
			buildRules = (
			);
			dependencies = (
			);
			name = "RPN Calculator";
			productName = "RPN Calculator";
			productReference = 8DCD66281C49BF2A00590959 /* RPN Calculator.app */;
			productType = "com.apple.product-type.application";
		};
/* End PBXNativeTarget section */

/* Begin PBXProject section */
		8DCD66201C49BF2A00590959 /* Project object */ = {
			isa = PBXProject;
			attributes = {
				LastSwiftUpdateCheck = 0720;
				LastUpgradeCheck = 0720;
				ORGANIZATIONNAME = SCDE;
				TargetAttributes = {
					8DCD66271C49BF2A00590959 = {
						CreatedOnToolsVersion = 7.2;
						DevelopmentTeam = AUW28E79X4;
					};
				};
			};
			buildConfigurationList = 8DCD66231C49BF2A00590959 /* Build configuration list for PBXProject "RPN Calculator" */;
			compatibilityVersion = "Xcode 3.2";
			developmentRegion = English;
			hasScannedForEncodings = 0;
			knownRegions = (
				en,
				Base,
			);
			mainGroup = 8DCD661F1C49BF2A00590959;
			productRefGroup = 8DCD66291C49BF2A00590959 /* Products */;
			projectDirPath = "";
			projectRoot = "";
			targets = (
				8DCD66271C49BF2A00590959 /* RPN Calculator */,
			);
		};
/* End PBXProject section */

/* Begin PBXResourcesBuildPhase section */
		8DCD66261C49BF2A00590959 /* Resources */ = {
			isa = PBXResourcesBuildPhase;
			buildActionMask = 2147483647;
			files = (
				8DCD66651C49EED600590959 /* digital-7 (mono).ttf in Resources */,
				8DCD66671C49F70600590959 /* button Swap.png in Resources */,
				8DCD66501C49BF8400590959 /* button 1.png in Resources */,
				8DCD66361C49BF2B00590959 /* LaunchScreen.storyboard in Resources */,
				8DCD66521C49BF8400590959 /* button 3.png in Resources */,
				8DCD665F1C49BF8400590959 /* button plus_minus.png in Resources */,
				8DCD665D1C49BF8400590959 /* button minus.png in Resources */,
				8DCD66571C49BF8400590959 /* button 8.png in Resources */,
				8DCD66541C49BF8400590959 /* button 5.png in Resources */,
				8DCD665B1C49BF8400590959 /* button divide.png in Resources */,
				8DCD66331C49BF2B00590959 /* Assets.xcassets in Resources */,
				8DCD665C1C49BF8400590959 /* button enter.png in Resources */,
				8DCD66601C49BF8400590959 /* button plus.png in Resources */,
				8DCD66561C49BF8400590959 /* button 7.png in Resources */,
				8DCD66551C49BF8400590959 /* button 6.png in Resources */,
				8DCD66511C49BF8400590959 /* button 2.png in Resources */,
				8DCD66311C49BF2B00590959 /* Main.storyboard in Resources */,
				8DCD664F1C49BF8400590959 /* button 0.png in Resources */,
				8DCD66621C49BF9600590959 /* display.png in Resources */,
				8DCD665A1C49BF8400590959 /* button decimal.png in Resources */,
				8DCD66581C49BF8400590959 /* button 9.png in Resources */,
				8DCD665E1C49BF8400590959 /* button mutiply.png in Resources */,
				8DCD66591C49BF8400590959 /* button AC.png in Resources */,
				8DCD66531C49BF8400590959 /* button 4.png in Resources */,
			);
			runOnlyForDeploymentPostprocessing = 0;
		};
/* End PBXResourcesBuildPhase section */

/* Begin PBXSourcesBuildPhase section */
		8DCD66241C49BF2A00590959 /* Sources */ = {
			isa = PBXSourcesBuildPhase;
			buildActionMask = 2147483647;
			files = (
				8DCD662E1C49BF2B00590959 /* ViewController.swift in Sources */,
				8DCD662C1C49BF2B00590959 /* AppDelegate.swift in Sources */,
			);
			runOnlyForDeploymentPostprocessing = 0;
		};
/* End PBXSourcesBuildPhase section */

/* Begin PBXVariantGroup section */
		8DCD662F1C49BF2B00590959 /* Main.storyboard */ = {
			isa = PBXVariantGroup;
			children = (
				8DCD66301C49BF2B00590959 /* Base */,
			);
			name = Main.storyboard;
			sourceTree = "<group>";
		};
		8DCD66341C49BF2B00590959 /* LaunchScreen.storyboard */ = {
			isa = PBXVariantGroup;
			children = (
				8DCD66351C49BF2B00590959 /* Base */,
			);
			name = LaunchScreen.storyboard;
			sourceTree = "<group>";
		};
/* End PBXVariantGroup section */

/* Begin XCBuildConfiguration section */
		8DCD66381C49BF2B00590959 /* Debug */ = {
			isa = XCBuildConfiguration;
			buildSettings = {
				ALWAYS_SEARCH_USER_PATHS = NO;
				CLANG_CXX_LANGUAGE_STANDARD = "gnu++0x";
				CLANG_CXX_LIBRARY = "libc++";
				CLANG_ENABLE_MODULES = YES;
				CLANG_ENABLE_OBJC_ARC = YES;
				CLANG_WARN_BOOL_CONVERSION = YES;
				CLANG_WARN_CONSTANT_CONVERSION = YES;
				CLANG_WARN_DIRECT_OBJC_ISA_USAGE = YES_ERROR;
				CLANG_WARN_EMPTY_BODY = YES;
				CLANG_WARN_ENUM_CONVERSION = YES;
				CLANG_WARN_INT_CONVERSION = YES;
				CLANG_WARN_OBJC_ROOT_CLASS = YES_ERROR;
				CLANG_WARN_UNREACHABLE_CODE = YES;
				CLANG_WARN__DUPLICATE_METHOD_MATCH = YES;
				"CODE_SIGN_IDENTITY[sdk=iphoneos*]" = "iPhone Developer";
				COPY_PHASE_STRIP = NO;
				DEBUG_INFORMATION_FORMAT = dwarf;
				ENABLE_STRICT_OBJC_MSGSEND = YES;
				ENABLE_TESTABILITY = YES;
				GCC_C_LANGUAGE_STANDARD = gnu99;
				GCC_DYNAMIC_NO_PIC = NO;
				GCC_NO_COMMON_BLOCKS = YES;
				GCC_OPTIMIZATION_LEVEL = 0;
				GCC_PREPROCESSOR_DEFINITIONS = (
					"DEBUG=1",
					"$(inherited)",
				);
				GCC_WARN_64_TO_32_BIT_CONVERSION = YES;
				GCC_WARN_ABOUT_RETURN_TYPE = YES_ERROR;
				GCC_WARN_UNDECLARED_SELECTOR = YES;
				GCC_WARN_UNINITIALIZED_AUTOS = YES_AGGRESSIVE;
				GCC_WARN_UNUSED_FUNCTION = YES;
				GCC_WARN_UNUSED_VARIABLE = YES;
				IPHONEOS_DEPLOYMENT_TARGET = 9.2;
				MTL_ENABLE_DEBUG_INFO = YES;
				ONLY_ACTIVE_ARCH = YES;
				SDKROOT = iphoneos;
				SWIFT_OPTIMIZATION_LEVEL = "-Onone";
				TARGETED_DEVICE_FAMILY = "1,2";
			};
			name = Debug;
		};
		8DCD66391C49BF2B00590959 /* Release */ = {
			isa = XCBuildConfiguration;
			buildSettings = {
				ALWAYS_SEARCH_USER_PATHS = NO;
				CLANG_CXX_LANGUAGE_STANDARD = "gnu++0x";
				CLANG_CXX_LIBRARY = "libc++";
				CLANG_ENABLE_MODULES = YES;
				CLANG_ENABLE_OBJC_ARC = YES;
				CLANG_WARN_BOOL_CONVERSION = YES;
				CLANG_WARN_CONSTANT_CONVERSION = YES;
				CLANG_WARN_DIRECT_OBJC_ISA_USAGE = YES_ERROR;
				CLANG_WARN_EMPTY_BODY = YES;
				CLANG_WARN_ENUM_CONVERSION = YES;
				CLANG_WARN_INT_CONVERSION = YES;
				CLANG_WARN_OBJC_ROOT_CLASS = YES_ERROR;
				CLANG_WARN_UNREACHABLE_CODE = YES;
				CLANG_WARN__DUPLICATE_METHOD_MATCH = YES;
				"CODE_SIGN_IDENTITY[sdk=iphoneos*]" = "iPhone Developer";
				COPY_PHASE_STRIP = NO;
				DEBUG_INFORMATION_FORMAT = "dwarf-with-dsym";
				ENABLE_NS_ASSERTIONS = NO;
				ENABLE_STRICT_OBJC_MSGSEND = YES;
				GCC_C_LANGUAGE_STANDARD = gnu99;
				GCC_NO_COMMON_BLOCKS = YES;
				GCC_WARN_64_TO_32_BIT_CONVERSION = YES;
				GCC_WARN_ABOUT_RETURN_TYPE = YES_ERROR;
				GCC_WARN_UNDECLARED_SELECTOR = YES;
				GCC_WARN_UNINITIALIZED_AUTOS = YES_AGGRESSIVE;
				GCC_WARN_UNUSED_FUNCTION = YES;
				GCC_WARN_UNUSED_VARIABLE = YES;
				IPHONEOS_DEPLOYMENT_TARGET = 9.2;
				MTL_ENABLE_DEBUG_INFO = NO;
				SDKROOT = iphoneos;
				TARGETED_DEVICE_FAMILY = "1,2";
				VALIDATE_PRODUCT = YES;
			};
			name = Release;
		};
		8DCD663B1C49BF2B00590959 /* Debug */ = {
			isa = XCBuildConfiguration;
			buildSettings = {
				ASSETCATALOG_COMPILER_APPICON_NAME = AppIcon;
				CODE_SIGN_IDENTITY = "iPhone Developer";
				INFOPLIST_FILE = "RPN Calculator/Info.plist";
				LD_RUNPATH_SEARCH_PATHS = "$(inherited) @executable_path/Frameworks";
				PRODUCT_BUNDLE_IDENTIFIER = "com.SCDE.RPN-Calculator";
				PRODUCT_NAME = "$(TARGET_NAME)";
			};
			name = Debug;
		};
		8DCD663C1C49BF2B00590959 /* Release */ = {
			isa = XCBuildConfiguration;
			buildSettings = {
				ASSETCATALOG_COMPILER_APPICON_NAME = AppIcon;
				CODE_SIGN_IDENTITY = "iPhone Developer";
				INFOPLIST_FILE = "RPN Calculator/Info.plist";
				LD_RUNPATH_SEARCH_PATHS = "$(inherited) @executable_path/Frameworks";
				PRODUCT_BUNDLE_IDENTIFIER = "com.SCDE.RPN-Calculator";
				PRODUCT_NAME = "$(TARGET_NAME)";
			};
			name = Release;
		};
/* End XCBuildConfiguration section */

/* Begin XCConfigurationList section */
		8DCD66231C49BF2A00590959 /* Build configuration list for PBXProject "RPN Calculator" */ = {
			isa = XCConfigurationList;
			buildConfigurations = (
				8DCD66381C49BF2B00590959 /* Debug */,
				8DCD66391C49BF2B00590959 /* Release */,
			);
			defaultConfigurationIsVisible = 0;
			defaultConfigurationName = Release;
		};
		8DCD663A1C49BF2B00590959 /* Build configuration list for PBXNativeTarget "RPN Calculator" */ = {
			isa = XCConfigurationList;
			buildConfigurations = (
				8DCD663B1C49BF2B00590959 /* Debug */,
				8DCD663C1C49BF2B00590959 /* Release */,
			);
			defaultConfigurationIsVisible = 0;
		};
/* End XCConfigurationList section */
	};
	rootObject = 8DCD66201C49BF2A00590959 /* Project object */;
}
